
Microsoft Visual Studio Solution File, Format Version 12.00
# Visual Studio Version 17
VisualStudioVersion = 17.11.35327.3
MinimumVisualStudioVersion = 10.0.40219.1
Project("{FAE04EC0-301F-11D3-BF4B-00C04F79EFBC}") = "ParkingSystem", "ParkingSystem\ParkingSystem.csproj", "{633C8F85-D4CF-47BA-BE84-4A8906859994}"
EndProject
Global
	GlobalSection(SolutionConfigurationPlatforms) = preSolution
		Debug|Any CPU = Debug|Any CPU
		Release|Any CPU = Release|Any CPU
	EndGlobalSection
	GlobalSection(ProjectConfigurationPlatforms) = postSolution
		{633C8F85-D4CF-47BA-BE84-4A8906859994}.Debug|Any CPU.ActiveCfg = Debug|Any CPU
		{633C8F85-D4CF-47BA-BE84-4A8906859994}.Debug|Any CPU.Build.0 = Debug|Any CPU
		{633C8F85-D4CF-47BA-BE84-4A8906859994}.Release|Any CPU.ActiveCfg = Release|Any CPU
		{633C8F85-D4CF-47BA-BE84-4A8906859994}.Release|Any CPU.Build.0 = Release|Any CPU
	EndGlobalSection
	GlobalSection(SolutionProperties) = preSolution
		HideSolutionNode = FALSE
	EndGlobalSection
	GlobalSection(ExtensibilityGlobals) = postSolution
		SolutionGuid = {492FF10A-46EE-47B5-A20B-7636F2CC65A4}
	EndGlobalSection
EndGlobal
